
Microsoft Visual Studio Solution File, Format Version 12.00
# Visual Studio Version 16
VisualStudioVersion = 16.0.32413.511
MinimumVisualStudioVersion = 10.0.40219.1
Project("{FAE04EC0-301F-11D3-BF4B-00C04F79EFBC}") = "SkyExams", "SkyExams\SkyExams.csproj", "{4505F57B-A72D-472B-AB35-6089BFF105E5}"
EndProject
Global
	GlobalSection(SolutionConfigurationPlatforms) = preSolution
		Debug|Any CPU = Debug|Any CPU
		Release|Any CPU = Release|Any CPU
	EndGlobalSection
	GlobalSection(ProjectConfigurationPlatforms) = postSolution
		{4505F57B-A72D-472B-AB35-6089BFF105E5}.Debug|Any CPU.ActiveCfg = Debug|Any CPU
		{4505F57B-A72D-472B-AB35-6089BFF105E5}.Debug|Any CPU.Build.0 = Debug|Any CPU
		{4505F57B-A72D-472B-AB35-6089BFF105E5}.Release|Any CPU.ActiveCfg = Release|Any CPU
		{4505F57B-A72D-472B-AB35-6089BFF105E5}.Release|Any CPU.Build.0 = Release|Any CPU
	EndGlobalSection
	GlobalSection(SolutionProperties) = preSolution
		HideSolutionNode = FALSE
	EndGlobalSection
	GlobalSection(ExtensibilityGlobals) = postSolution
		SolutionGuid = {046C2BEF-7E76-47C5-BEF5-ED3F50C76F59}
	EndGlobalSection
EndGlobal
